
Microsoft Visual Studio Solution File, Format Version 12.00
# Visual Studio 2015
Project("{FAE04EC0-301F-11D3-BF4B-00C04F79EFBC}") = "Network Test.CSharp", "Network Test.CSharp.csproj", "{A2B01D20-435A-9CF2-9707-BBE35ACC1CE4}"
EndProject
Global
	GlobalSection(SolutionConfigurationPlatforms) = preSolution
		Debug|Any CPU = Debug|Any CPU
		Release|Any CPU = Release|Any CPU
	EndGlobalSection
	GlobalSection(ProjectConfigurationPlatforms) = postSolution
		{A2B01D20-435A-9CF2-9707-BBE35ACC1CE4}.Debug|Any CPU.ActiveCfg = Debug|Any CPU
		{A2B01D20-435A-9CF2-9707-BBE35ACC1CE4}.Debug|Any CPU.Build.0 = Debug|Any CPU
		{A2B01D20-435A-9CF2-9707-BBE35ACC1CE4}.Release|Any CPU.ActiveCfg = Release|Any CPU
		{A2B01D20-435A-9CF2-9707-BBE35ACC1CE4}.Release|Any CPU.Build.0 = Release|Any CPU
	EndGlobalSection
	GlobalSection(SolutionProperties) = preSolution
		HideSolutionNode = FALSE
	EndGlobalSection
EndGlobal
